PODS:
  - AFNetworking (4.0.1):
    - AFNetworking/NSURLSession (= 4.0.1)
    - AFNetworking/Reachability (= 4.0.1)
    - AFNetworking/Security (= 4.0.1)
    - AFNetworking/Serialization (= 4.0.1)
    - AFNetworking/UIKit (= 4.0.1)
  - AFNetworking/NSURLSession (4.0.1):
    - AFNetworking/Reachability
    - AFNetworking/Security
    - AFNetworking/Serialization
  - AFNetworking/Reachability (4.0.1)
  - AFNetworking/Security (4.0.1)
  - AFNetworking/Serialization (4.0.1)
  - AFNetworking/UIKit (4.0.1):
    - AFNetworking/NSURLSession
  - Alamofire (4.9.1)
  - IAR-Core (1.6.10-beta5):
    - AFNetworking (~> 4.0.1)
    - Moya (~> 13.0.1)
    - R.swift (~> 6.1.0)
    - SnapKit (~> 5.0.1)
  - IAR-Target (1.6.10-beta5):
    - IAR-Core
  - Moya (13.0.1):
    - Moya/Core (= 13.0.1)
  - Moya/Core (13.0.1):
    - Alamofire (~> 4.1)
    - Result (~> 4.1)
  - R.swift (6.1.0):
    - R.swift.Library (~> 5.3.0)
  - R.swift.Library (5.3.0)
  - Result (4.1.0)
  - SnapKit (5.0.1)

DEPENDENCIES:
  - IAR-Core (= 1.6.10-beta5)
  - IAR-Target (= 1.6.10-beta5)

SPEC REPOS:
  https://github.com/ImagineAR/IAR-SDK-Beta-Podspecs.git:
    - IAR-Core
    - IAR-Target
  trunk:
    - AFNetworking
    - Alamofire
    - Moya
    - R.swift
    - R.swift.Library
    - Result
    - SnapKit

SPEC CHECKSUMS:
  AFNetworking: 3bd23d814e976cd148d7d44c3ab78017b744cd58
  Alamofire: 85e8a02c69d6020a0d734f6054870d7ecb75cf18
  IAR-Core: cac2eaffb91ca7ccce1d19264e8c00981a397130
  IAR-Target: b408b1c40070edf8da4583d68c92502dcf8ad80d
  Moya: f4a4b80ff2f8a4ffc208dfb31cd91636622fee6e
  R.swift: ec98ff71c4ab2f6fd01dd077e5afd15e63a4834c
  R.swift.Library: 0fc583cb55a99e28901299cc451614cad1161962
  Result: bd966fac789cc6c1563440b348ab2598cc24d5c7
  SnapKit: 97b92857e3df3a0c71833cce143274bf6ef8e5eb

PODFILE CHECKSUM: 3aa6e507ccae3cee3059cccd2e5809e807c65d88

COCOAPODS: 1.11.2
