PODS:
  - AFNetworking (4.0.1):
    - AFNetworking/NSURLSession (= 4.0.1)
    - AFNetworking/Reachability (= 4.0.1)
    - AFNetworking/Security (= 4.0.1)
    - AFNetworking/Serialization (= 4.0.1)
    - AFNetworking/UIKit (= 4.0.1)
  - AFNetworking/NSURLSession (4.0.1):
    - AFNetworking/Reachability
    - AFNetworking/Security
    - AFNetworking/Serialization
  - AFNetworking/Reachability (4.0.1)
  - AFNetworking/Security (4.0.1)
  - AFNetworking/Serialization (4.0.1)
  - AFNetworking/UIKit (4.0.1):
    - AFNetworking/NSURLSession
  - Alamofire (4.9.1)
  - ImagineAR-Core (1.6.6):
    - AFNetworking (~> 4.0.1)
    - Moya (~> 13.0.1)
    - R.swift (~> 6.1.0)
    - SnapKit (~> 5.0.1)
  - ImagineAR-Target (1.6.6):
    - ImagineAR-Core (= 1.6.6)
  - Moya (13.0.1):
    - Moya/Core (= 13.0.1)
  - Moya/Core (13.0.1):
    - Alamofire (~> 4.1)
    - Result (~> 4.1)
  - R.swift (6.1.0):
    - R.swift.Library (~> 5.3.0)
  - R.swift.Library (5.3.0)
  - Result (4.1.0)
  - SnapKit (5.0.1)

DEPENDENCIES:
  - ImagineAR-Core (= 1.6.6)
  - ImagineAR-Target (= 1.6.6)

SPEC REPOS:
  trunk:
    - AFNetworking
    - Alamofire
    - ImagineAR-Core
    - ImagineAR-Target
    - Moya
    - R.swift
    - R.swift.Library
    - Result
    - SnapKit

SPEC CHECKSUMS:
  AFNetworking: 7864c38297c79aaca1500c33288e429c3451fdce
  Alamofire: 85e8a02c69d6020a0d734f6054870d7ecb75cf18
  ImagineAR-Core: bcd70b6e4ec8e77158356fa8bb992523479fd8ed
  ImagineAR-Target: 62dfac534c07cb87fcfecc73be792ba4b5007a60
  Moya: f4a4b80ff2f8a4ffc208dfb31cd91636622fee6e
  R.swift: ec98ff71c4ab2f6fd01dd077e5afd15e63a4834c
  R.swift.Library: 0fc583cb55a99e28901299cc451614cad1161962
  Result: bd966fac789cc6c1563440b348ab2598cc24d5c7
  SnapKit: 97b92857e3df3a0c71833cce143274bf6ef8e5eb

PODFILE CHECKSUM: 0b61088f71e53a6dd8416857c826d095cbecf445

COCOAPODS: 1.11.2
